
Microsoft Visual Studio Solution File, Format Version 12.00
# Visual Studio 2015
Project("{FAE04EC0-301F-11D3-BF4B-00C04F79EFBC}") = "DEMO_cardsScreen.CSharp", "DEMO_cardsScreen.CSharp.csproj", "{F40EDC3A-E61B-94CA-6BD7-C791B67FDFB8}"
EndProject
Global
	GlobalSection(SolutionConfigurationPlatforms) = preSolution
		Debug|Any CPU = Debug|Any CPU
		Release|Any CPU = Release|Any CPU
	EndGlobalSection
	GlobalSection(ProjectConfigurationPlatforms) = postSolution
		{F40EDC3A-E61B-94CA-6BD7-C791B67FDFB8}.Debug|Any CPU.ActiveCfg = Debug|Any CPU
		{F40EDC3A-E61B-94CA-6BD7-C791B67FDFB8}.Debug|Any CPU.Build.0 = Debug|Any CPU
		{F40EDC3A-E61B-94CA-6BD7-C791B67FDFB8}.Release|Any CPU.ActiveCfg = Release|Any CPU
		{F40EDC3A-E61B-94CA-6BD7-C791B67FDFB8}.Release|Any CPU.Build.0 = Release|Any CPU
	EndGlobalSection
	GlobalSection(SolutionProperties) = preSolution
		HideSolutionNode = FALSE
	EndGlobalSection
EndGlobal
