
Microsoft Visual Studio Solution File, Format Version 12.00
# Visual Studio 2015
Project("{FAE04EC0-301F-11D3-BF4B-00C04F79EFBC}") = "ElevationTest_Bratrack.CSharp", "ElevationTest_Bratrack.CSharp.csproj", "{73C421DB-F765-C8A0-7E06-658D1E9AAB7D}"
EndProject
Global
	GlobalSection(SolutionConfigurationPlatforms) = preSolution
		Debug|Any CPU = Debug|Any CPU
		Release|Any CPU = Release|Any CPU
	EndGlobalSection
	GlobalSection(ProjectConfigurationPlatforms) = postSolution
		{73C421DB-F765-C8A0-7E06-658D1E9AAB7D}.Debug|Any CPU.ActiveCfg = Debug|Any CPU
		{73C421DB-F765-C8A0-7E06-658D1E9AAB7D}.Debug|Any CPU.Build.0 = Debug|Any CPU
		{73C421DB-F765-C8A0-7E06-658D1E9AAB7D}.Release|Any CPU.ActiveCfg = Release|Any CPU
		{73C421DB-F765-C8A0-7E06-658D1E9AAB7D}.Release|Any CPU.Build.0 = Release|Any CPU
	EndGlobalSection
	GlobalSection(SolutionProperties) = preSolution
		HideSolutionNode = FALSE
	EndGlobalSection
EndGlobal
